
Microsoft Visual Studio Solution File, Format Version 10.00
# Visual Studio 2008
Project("{FAE04EC0-301F-11D3-BF4B-00C04F79EFBC}") = "cubectl", "cubectl\cubectl.csproj", "{69244B03-E1DE-4B5C-B9BB-EDDBB2B6B818}"
EndProject
Global
	GlobalSection(SolutionConfigurationPlatforms) = preSolution
		Debug|x86 = Debug|x86
		Release|x86 = Release|x86
	EndGlobalSection
	GlobalSection(ProjectConfigurationPlatforms) = postSolution
		{69244B03-E1DE-4B5C-B9BB-EDDBB2B6B818}.Debug|x86.ActiveCfg = Debug|x86
		{69244B03-E1DE-4B5C-B9BB-EDDBB2B6B818}.Debug|x86.Build.0 = Debug|x86
		{69244B03-E1DE-4B5C-B9BB-EDDBB2B6B818}.Release|x86.ActiveCfg = Release|x86
		{69244B03-E1DE-4B5C-B9BB-EDDBB2B6B818}.Release|x86.Build.0 = Release|x86
	EndGlobalSection
	GlobalSection(MonoDevelopProperties) = preSolution
		StartupItem = cubectl\cubectl.csproj
	EndGlobalSection
EndGlobal
